
Microsoft Visual Studio Solution File, Format Version 12.00
# Visual Studio Version 17
VisualStudioVersion = 17.14.36811.4 d17.14
MinimumVisualStudioVersion = 10.0.40219.1
Project("{FAE04EC0-301F-11D3-BF4B-00C04F79EFBC}") = "Lab_6 Levina", "Lab_6 Levina\Lab_6 Levina.csproj", "{E43DF4F9-D248-44BD-9CA0-3C51E0F0F99D}"
EndProject
Global
	GlobalSection(SolutionConfigurationPlatforms) = preSolution
		Debug|Any CPU = Debug|Any CPU
		Release|Any CPU = Release|Any CPU
	EndGlobalSection
	GlobalSection(ProjectConfigurationPlatforms) = postSolution
		{E43DF4F9-D248-44BD-9CA0-3C51E0F0F99D}.Debug|Any CPU.ActiveCfg = Debug|Any CPU
		{E43DF4F9-D248-44BD-9CA0-3C51E0F0F99D}.Debug|Any CPU.Build.0 = Debug|Any CPU
		{E43DF4F9-D248-44BD-9CA0-3C51E0F0F99D}.Release|Any CPU.ActiveCfg = Release|Any CPU
		{E43DF4F9-D248-44BD-9CA0-3C51E0F0F99D}.Release|Any CPU.Build.0 = Release|Any CPU
	EndGlobalSection
	GlobalSection(SolutionProperties) = preSolution
		HideSolutionNode = FALSE
	EndGlobalSection
	GlobalSection(ExtensibilityGlobals) = postSolution
		SolutionGuid = {E2811B10-77C1-4484-8874-D99201A0FA84}
	EndGlobalSection
EndGlobal
