
Microsoft Visual Studio Solution File, Format Version 12.00
# Visual Studio Version 17
VisualStudioVersion = 17.14.36811.4 d17.14
MinimumVisualStudioVersion = 10.0.40219.1
Project("{FAE04EC0-301F-11D3-BF4B-00C04F79EFBC}") = "Lab 6", "Lab 6\Lab 6.csproj", "{91E7201C-720B-423D-8E83-38C310992615}"
EndProject
Global
	GlobalSection(SolutionConfigurationPlatforms) = preSolution
		Debug|Any CPU = Debug|Any CPU
		Release|Any CPU = Release|Any CPU
	EndGlobalSection
	GlobalSection(ProjectConfigurationPlatforms) = postSolution
		{91E7201C-720B-423D-8E83-38C310992615}.Debug|Any CPU.ActiveCfg = Debug|Any CPU
		{91E7201C-720B-423D-8E83-38C310992615}.Debug|Any CPU.Build.0 = Debug|Any CPU
		{91E7201C-720B-423D-8E83-38C310992615}.Release|Any CPU.ActiveCfg = Release|Any CPU
		{91E7201C-720B-423D-8E83-38C310992615}.Release|Any CPU.Build.0 = Release|Any CPU
	EndGlobalSection
	GlobalSection(SolutionProperties) = preSolution
		HideSolutionNode = FALSE
	EndGlobalSection
	GlobalSection(ExtensibilityGlobals) = postSolution
		SolutionGuid = {ECC73EB4-BE4B-4366-A6FD-BE5207765607}
	EndGlobalSection
EndGlobal
